
Microsoft Visual Studio Solution File, Format Version 12.00
# Visual Studio 15
VisualStudioVersion = 15.0.27428.2002
MinimumVisualStudioVersion = 10.0.40219.1
Project("{2150E333-8FDC-42A3-9474-1A3956D46DE8}") = "Sort", "Sort", "{7A4F7E55-DCFC-4ED8-B1B5-62850EE6CCDD}"
EndProject
Project("{8BC9CEB8-8B4A-11D0-8D11-00A0C91BC942}") = "SortAlgorithm", "SortAlgorithm\SortAlgorithm.vcxproj", "{93C35305-82D7-433E-84E6-28476DD20BCE}"
EndProject
Project("{2150E333-8FDC-42A3-9474-1A3956D46DE8}") = "数据结构概论", "数据结构概论", "{00083F13-91DB-475A-BEA7-329C1D1E7152}"
EndProject
Project("{2150E333-8FDC-42A3-9474-1A3956D46DE8}") = "概念及笔记", "概念及笔记", "{B458C698-D265-477A-998B-A56D72102C23}"
	ProjectSection(SolutionItems) = preProject
		数据与数据结构.txt = 数据与数据结构.txt
		Algorithm definition\算法定义.txt = Algorithm definition\算法定义.txt
		算法效率度量.txt = 算法效率度量.txt
	EndProjectSection
EndProject
Project("{2150E333-8FDC-42A3-9474-1A3956D46DE8}") = "LinearList", "LinearList", "{FF77418C-8A28-4B57-9F4A-D7391CAFCD3A}"
EndProject
Project("{8BC9CEB8-8B4A-11D0-8D11-00A0C91BC942}") = "LinearList", "LinearList\LinearList.vcxproj", "{8A671255-DE10-4634-8E18-460C8891AC38}"
EndProject
Global
	GlobalSection(SolutionConfigurationPlatforms) = preSolution
		Debug|x64 = Debug|x64
		Debug|x86 = Debug|x86
		Release|x64 = Release|x64
		Release|x86 = Release|x86
	EndGlobalSection
	GlobalSection(ProjectConfigurationPlatforms) = postSolution
		{93C35305-82D7-433E-84E6-28476DD20BCE}.Debug|x64.ActiveCfg = Debug|x64
		{93C35305-82D7-433E-84E6-28476DD20BCE}.Debug|x64.Build.0 = Debug|x64
		{93C35305-82D7-433E-84E6-28476DD20BCE}.Debug|x86.ActiveCfg = Debug|Win32
		{93C35305-82D7-433E-84E6-28476DD20BCE}.Debug|x86.Build.0 = Debug|Win32
		{93C35305-82D7-433E-84E6-28476DD20BCE}.Release|x64.ActiveCfg = Release|x64
		{93C35305-82D7-433E-84E6-28476DD20BCE}.Release|x64.Build.0 = Release|x64
		{93C35305-82D7-433E-84E6-28476DD20BCE}.Release|x86.ActiveCfg = Release|Win32
		{93C35305-82D7-433E-84E6-28476DD20BCE}.Release|x86.Build.0 = Release|Win32
		{8A671255-DE10-4634-8E18-460C8891AC38}.Debug|x64.ActiveCfg = Debug|x64
		{8A671255-DE10-4634-8E18-460C8891AC38}.Debug|x64.Build.0 = Debug|x64
		{8A671255-DE10-4634-8E18-460C8891AC38}.Debug|x86.ActiveCfg = Debug|Win32
		{8A671255-DE10-4634-8E18-460C8891AC38}.Debug|x86.Build.0 = Debug|Win32
		{8A671255-DE10-4634-8E18-460C8891AC38}.Release|x64.ActiveCfg = Release|x64
		{8A671255-DE10-4634-8E18-460C8891AC38}.Release|x64.Build.0 = Release|x64
		{8A671255-DE10-4634-8E18-460C8891AC38}.Release|x86.ActiveCfg = Release|Win32
		{8A671255-DE10-4634-8E18-460C8891AC38}.Release|x86.Build.0 = Release|Win32
	EndGlobalSection
	GlobalSection(SolutionProperties) = preSolution
		HideSolutionNode = FALSE
	EndGlobalSection
	GlobalSection(NestedProjects) = preSolution
		{93C35305-82D7-433E-84E6-28476DD20BCE} = {7A4F7E55-DCFC-4ED8-B1B5-62850EE6CCDD}
		{B458C698-D265-477A-998B-A56D72102C23} = {00083F13-91DB-475A-BEA7-329C1D1E7152}
		{8A671255-DE10-4634-8E18-460C8891AC38} = {FF77418C-8A28-4B57-9F4A-D7391CAFCD3A}
	EndGlobalSection
	GlobalSection(ExtensibilityGlobals) = postSolution
		SolutionGuid = {B85B670F-EC18-464B-9386-C86EFE3EBFAE}
	EndGlobalSection
EndGlobal
