
Microsoft Visual Studio Solution File, Format Version 12.00
# Visual Studio 15
VisualStudioVersion = 15.0.27428.2002
MinimumVisualStudioVersion = 10.0.40219.1
Project("{2150E333-8FDC-42A3-9474-1A3956D46DE8}") = "Sort", "Sort", "{7A4F7E55-DCFC-4ED8-B1B5-62850EE6CCDD}"
EndProject
Project("{8BC9CEB8-8B4A-11D0-8D11-00A0C91BC942}") = "SortAlgorithm", "SortAlgorithm\SortAlgorithm.vcxproj", "{93C35305-82D7-433E-84E6-28476DD20BCE}"
EndProject
Project("{2150E333-8FDC-42A3-9474-1A3956D46DE8}") = "数据结构概论", "数据结构概论", "{00083F13-91DB-475A-BEA7-329C1D1E7152}"
EndProject
Project("{2150E333-8FDC-42A3-9474-1A3956D46DE8}") = "概念及笔记", "概念及笔记", "{B458C698-D265-477A-998B-A56D72102C23}"
	ProjectSection(SolutionItems) = preProject
		数据与数据结构.txt = 数据与数据结构.txt
		Algorithm definition\算法定义.txt = Algorithm definition\算法定义.txt
		算法效率度量.txt = 算法效率度量.txt
	EndProjectSection
EndProject
Project("{2150E333-8FDC-42A3-9474-1A3956D46DE8}") = "LinearList", "LinearList", "{FF77418C-8A28-4B57-9F4A-D7391CAFCD3A}"
EndProject
Project("{8BC9CEB8-8B4A-11D0-8D11-00A0C91BC942}") = "LinearList", "LinearList\LinearList.vcxproj", "{8A671255-DE10-4634-8E18-460C8891AC38}"
EndProject
Project("{2150E333-8FDC-42A3-9474-1A3956D46DE8}") = "Stack", "Stack", "{D1B09E88-16F0-40FC-A566-1454D2B61C93}"
EndProject
Project("{8BC9CEB8-8B4A-11D0-8D11-00A0C91BC942}") = "Stack", "Stack\Stack.vcxproj", "{49F65678-63F4-461A-9518-537260F821D6}"
EndProject
Project("{2150E333-8FDC-42A3-9474-1A3956D46DE8}") = "Queue", "Queue", "{D1E97DBE-F9B8-42CA-AD2F-7D77561C590F}"
EndProject
Project("{8BC9CEB8-8B4A-11D0-8D11-00A0C91BC942}") = "Queue", "Queue\Queue.vcxproj", "{73D9B77D-6C58-44C0-A017-43CF8C028FCA}"
EndProject
Project("{2150E333-8FDC-42A3-9474-1A3956D46DE8}") = "SparseMatrix", "SparseMatrix", "{F9EC8A5D-BFCC-4FED-A683-E2D7902BCA1E}"
EndProject
Project("{8BC9CEB8-8B4A-11D0-8D11-00A0C91BC942}") = "SparseMatrix", "SparseMatrix\SparseMatrix.vcxproj", "{00C8312A-D694-4C4F-98C2-D2980C0275AA}"
EndProject
Project("{2150E333-8FDC-42A3-9474-1A3956D46DE8}") = "String", "String", "{3544F334-56FB-4CCF-83C3-5FE4E2317EA7}"
EndProject
Project("{8BC9CEB8-8B4A-11D0-8D11-00A0C91BC942}") = "String", "String\String.vcxproj", "{D0C01FF9-8462-4848-9DB4-BEB7AA46FD99}"
EndProject
Project("{2150E333-8FDC-42A3-9474-1A3956D46DE8}") = "GenList", "GenList", "{C9446105-6055-440E-9F18-13A3224A3FFD}"
EndProject
Project("{8BC9CEB8-8B4A-11D0-8D11-00A0C91BC942}") = "GenList", "GenList\GenList.vcxproj", "{1B1CE4D8-0E68-4B23-95A4-7FD3B411EB74}"
EndProject
Project("{2150E333-8FDC-42A3-9474-1A3956D46DE8}") = "Tree", "Tree", "{A36A0DCD-F05E-42B2-A344-DB0F8BBF1BD7}"
EndProject
Project("{8BC9CEB8-8B4A-11D0-8D11-00A0C91BC942}") = "Tree", "Tree\Tree.vcxproj", "{2CA9CA44-70CE-44D3-82F5-CAFC0581AAAF}"
EndProject
Project("{2150E333-8FDC-42A3-9474-1A3956D46DE8}") = "MinHeap", "MinHeap", "{7146350E-0C2F-4DF4-89A0-F0219F0C7A70}"
EndProject
Project("{8BC9CEB8-8B4A-11D0-8D11-00A0C91BC942}") = "MinHeap", "MinHeap\MinHeap.vcxproj", "{2939D386-F572-485E-B8F8-6B1CC96540C9}"
EndProject
Project("{2150E333-8FDC-42A3-9474-1A3956D46DE8}") = "Search", "Search", "{938A4489-F3A4-447F-9EB7-483CCA82F887}"
EndProject
Project("{8BC9CEB8-8B4A-11D0-8D11-00A0C91BC942}") = "Search", "Search\Search.vcxproj", "{BCF2B1D8-2DB8-4428-9C3B-94CA28EE23DA}"
EndProject
Project("{2150E333-8FDC-42A3-9474-1A3956D46DE8}") = "Graph", "Graph", "{F34D9FA2-9400-4A71-9CBD-6CD16157BAAD}"
EndProject
Project("{8BC9CEB8-8B4A-11D0-8D11-00A0C91BC942}") = "Graph", "Graph\Graph.vcxproj", "{70B3775A-DDF3-4CDC-B831-40EE3C509ACC}"
EndProject
Global
	GlobalSection(SolutionConfigurationPlatforms) = preSolution
		Debug|x64 = Debug|x64
		Debug|x86 = Debug|x86
		Release|x64 = Release|x64
		Release|x86 = Release|x86
	EndGlobalSection
	GlobalSection(ProjectConfigurationPlatforms) = postSolution
		{93C35305-82D7-433E-84E6-28476DD20BCE}.Debug|x64.ActiveCfg = Debug|x64
		{93C35305-82D7-433E-84E6-28476DD20BCE}.Debug|x64.Build.0 = Debug|x64
		{93C35305-82D7-433E-84E6-28476DD20BCE}.Debug|x86.ActiveCfg = Debug|Win32
		{93C35305-82D7-433E-84E6-28476DD20BCE}.Debug|x86.Build.0 = Debug|Win32
		{93C35305-82D7-433E-84E6-28476DD20BCE}.Release|x64.ActiveCfg = Release|x64
		{93C35305-82D7-433E-84E6-28476DD20BCE}.Release|x64.Build.0 = Release|x64
		{93C35305-82D7-433E-84E6-28476DD20BCE}.Release|x86.ActiveCfg = Release|Win32
		{93C35305-82D7-433E-84E6-28476DD20BCE}.Release|x86.Build.0 = Release|Win32
		{8A671255-DE10-4634-8E18-460C8891AC38}.Debug|x64.ActiveCfg = Debug|x64
		{8A671255-DE10-4634-8E18-460C8891AC38}.Debug|x64.Build.0 = Debug|x64
		{8A671255-DE10-4634-8E18-460C8891AC38}.Debug|x86.ActiveCfg = Debug|Win32
		{8A671255-DE10-4634-8E18-460C8891AC38}.Debug|x86.Build.0 = Debug|Win32
		{8A671255-DE10-4634-8E18-460C8891AC38}.Release|x64.ActiveCfg = Release|x64
		{8A671255-DE10-4634-8E18-460C8891AC38}.Release|x64.Build.0 = Release|x64
		{8A671255-DE10-4634-8E18-460C8891AC38}.Release|x86.ActiveCfg = Release|Win32
		{8A671255-DE10-4634-8E18-460C8891AC38}.Release|x86.Build.0 = Release|Win32
		{49F65678-63F4-461A-9518-537260F821D6}.Debug|x64.ActiveCfg = Debug|x64
		{49F65678-63F4-461A-9518-537260F821D6}.Debug|x64.Build.0 = Debug|x64
		{49F65678-63F4-461A-9518-537260F821D6}.Debug|x86.ActiveCfg = Debug|Win32
		{49F65678-63F4-461A-9518-537260F821D6}.Debug|x86.Build.0 = Debug|Win32
		{49F65678-63F4-461A-9518-537260F821D6}.Release|x64.ActiveCfg = Release|x64
		{49F65678-63F4-461A-9518-537260F821D6}.Release|x64.Build.0 = Release|x64
		{49F65678-63F4-461A-9518-537260F821D6}.Release|x86.ActiveCfg = Release|Win32
		{49F65678-63F4-461A-9518-537260F821D6}.Release|x86.Build.0 = Release|Win32
		{73D9B77D-6C58-44C0-A017-43CF8C028FCA}.Debug|x64.ActiveCfg = Debug|x64
		{73D9B77D-6C58-44C0-A017-43CF8C028FCA}.Debug|x64.Build.0 = Debug|x64
		{73D9B77D-6C58-44C0-A017-43CF8C028FCA}.Debug|x86.ActiveCfg = Debug|Win32
		{73D9B77D-6C58-44C0-A017-43CF8C028FCA}.Debug|x86.Build.0 = Debug|Win32
		{73D9B77D-6C58-44C0-A017-43CF8C028FCA}.Release|x64.ActiveCfg = Release|x64
		{73D9B77D-6C58-44C0-A017-43CF8C028FCA}.Release|x64.Build.0 = Release|x64
		{73D9B77D-6C58-44C0-A017-43CF8C028FCA}.Release|x86.ActiveCfg = Release|Win32
		{73D9B77D-6C58-44C0-A017-43CF8C028FCA}.Release|x86.Build.0 = Release|Win32
		{00C8312A-D694-4C4F-98C2-D2980C0275AA}.Debug|x64.ActiveCfg = Debug|x64
		{00C8312A-D694-4C4F-98C2-D2980C0275AA}.Debug|x64.Build.0 = Debug|x64
		{00C8312A-D694-4C4F-98C2-D2980C0275AA}.Debug|x86.ActiveCfg = Debug|Win32
		{00C8312A-D694-4C4F-98C2-D2980C0275AA}.Debug|x86.Build.0 = Debug|Win32
		{00C8312A-D694-4C4F-98C2-D2980C0275AA}.Release|x64.ActiveCfg = Release|x64
		{00C8312A-D694-4C4F-98C2-D2980C0275AA}.Release|x64.Build.0 = Release|x64
		{00C8312A-D694-4C4F-98C2-D2980C0275AA}.Release|x86.ActiveCfg = Release|Win32
		{00C8312A-D694-4C4F-98C2-D2980C0275AA}.Release|x86.Build.0 = Release|Win32
		{D0C01FF9-8462-4848-9DB4-BEB7AA46FD99}.Debug|x64.ActiveCfg = Debug|x64
		{D0C01FF9-8462-4848-9DB4-BEB7AA46FD99}.Debug|x64.Build.0 = Debug|x64
		{D0C01FF9-8462-4848-9DB4-BEB7AA46FD99}.Debug|x86.ActiveCfg = Debug|Win32
		{D0C01FF9-8462-4848-9DB4-BEB7AA46FD99}.Debug|x86.Build.0 = Debug|Win32
		{D0C01FF9-8462-4848-9DB4-BEB7AA46FD99}.Release|x64.ActiveCfg = Release|x64
		{D0C01FF9-8462-4848-9DB4-BEB7AA46FD99}.Release|x64.Build.0 = Release|x64
		{D0C01FF9-8462-4848-9DB4-BEB7AA46FD99}.Release|x86.ActiveCfg = Release|Win32
		{D0C01FF9-8462-4848-9DB4-BEB7AA46FD99}.Release|x86.Build.0 = Release|Win32
		{1B1CE4D8-0E68-4B23-95A4-7FD3B411EB74}.Debug|x64.ActiveCfg = Debug|x64
		{1B1CE4D8-0E68-4B23-95A4-7FD3B411EB74}.Debug|x64.Build.0 = Debug|x64
		{1B1CE4D8-0E68-4B23-95A4-7FD3B411EB74}.Debug|x86.ActiveCfg = Debug|Win32
		{1B1CE4D8-0E68-4B23-95A4-7FD3B411EB74}.Debug|x86.Build.0 = Debug|Win32
		{1B1CE4D8-0E68-4B23-95A4-7FD3B411EB74}.Release|x64.ActiveCfg = Release|x64
		{1B1CE4D8-0E68-4B23-95A4-7FD3B411EB74}.Release|x64.Build.0 = Release|x64
		{1B1CE4D8-0E68-4B23-95A4-7FD3B411EB74}.Release|x86.ActiveCfg = Release|Win32
		{1B1CE4D8-0E68-4B23-95A4-7FD3B411EB74}.Release|x86.Build.0 = Release|Win32
		{2CA9CA44-70CE-44D3-82F5-CAFC0581AAAF}.Debug|x64.ActiveCfg = Debug|x64
		{2CA9CA44-70CE-44D3-82F5-CAFC0581AAAF}.Debug|x64.Build.0 = Debug|x64
		{2CA9CA44-70CE-44D3-82F5-CAFC0581AAAF}.Debug|x86.ActiveCfg = Debug|Win32
		{2CA9CA44-70CE-44D3-82F5-CAFC0581AAAF}.Debug|x86.Build.0 = Debug|Win32
		{2CA9CA44-70CE-44D3-82F5-CAFC0581AAAF}.Release|x64.ActiveCfg = Release|x64
		{2CA9CA44-70CE-44D3-82F5-CAFC0581AAAF}.Release|x64.Build.0 = Release|x64
		{2CA9CA44-70CE-44D3-82F5-CAFC0581AAAF}.Release|x86.ActiveCfg = Release|Win32
		{2CA9CA44-70CE-44D3-82F5-CAFC0581AAAF}.Release|x86.Build.0 = Release|Win32
		{2939D386-F572-485E-B8F8-6B1CC96540C9}.Debug|x64.ActiveCfg = Debug|x64
		{2939D386-F572-485E-B8F8-6B1CC96540C9}.Debug|x64.Build.0 = Debug|x64
		{2939D386-F572-485E-B8F8-6B1CC96540C9}.Debug|x86.ActiveCfg = Debug|Win32
		{2939D386-F572-485E-B8F8-6B1CC96540C9}.Debug|x86.Build.0 = Debug|Win32
		{2939D386-F572-485E-B8F8-6B1CC96540C9}.Release|x64.ActiveCfg = Release|x64
		{2939D386-F572-485E-B8F8-6B1CC96540C9}.Release|x64.Build.0 = Release|x64
		{2939D386-F572-485E-B8F8-6B1CC96540C9}.Release|x86.ActiveCfg = Release|Win32
		{2939D386-F572-485E-B8F8-6B1CC96540C9}.Release|x86.Build.0 = Release|Win32
		{BCF2B1D8-2DB8-4428-9C3B-94CA28EE23DA}.Debug|x64.ActiveCfg = Debug|x64
		{BCF2B1D8-2DB8-4428-9C3B-94CA28EE23DA}.Debug|x64.Build.0 = Debug|x64
		{BCF2B1D8-2DB8-4428-9C3B-94CA28EE23DA}.Debug|x86.ActiveCfg = Debug|Win32
		{BCF2B1D8-2DB8-4428-9C3B-94CA28EE23DA}.Debug|x86.Build.0 = Debug|Win32
		{BCF2B1D8-2DB8-4428-9C3B-94CA28EE23DA}.Release|x64.ActiveCfg = Release|x64
		{BCF2B1D8-2DB8-4428-9C3B-94CA28EE23DA}.Release|x64.Build.0 = Release|x64
		{BCF2B1D8-2DB8-4428-9C3B-94CA28EE23DA}.Release|x86.ActiveCfg = Release|Win32
		{BCF2B1D8-2DB8-4428-9C3B-94CA28EE23DA}.Release|x86.Build.0 = Release|Win32
		{70B3775A-DDF3-4CDC-B831-40EE3C509ACC}.Debug|x64.ActiveCfg = Debug|x64
		{70B3775A-DDF3-4CDC-B831-40EE3C509ACC}.Debug|x64.Build.0 = Debug|x64
		{70B3775A-DDF3-4CDC-B831-40EE3C509ACC}.Debug|x86.ActiveCfg = Debug|Win32
		{70B3775A-DDF3-4CDC-B831-40EE3C509ACC}.Debug|x86.Build.0 = Debug|Win32
		{70B3775A-DDF3-4CDC-B831-40EE3C509ACC}.Release|x64.ActiveCfg = Release|x64
		{70B3775A-DDF3-4CDC-B831-40EE3C509ACC}.Release|x64.Build.0 = Release|x64
		{70B3775A-DDF3-4CDC-B831-40EE3C509ACC}.Release|x86.ActiveCfg = Release|Win32
		{70B3775A-DDF3-4CDC-B831-40EE3C509ACC}.Release|x86.Build.0 = Release|Win32
	EndGlobalSection
	GlobalSection(SolutionProperties) = preSolution
		HideSolutionNode = FALSE
	EndGlobalSection
	GlobalSection(NestedProjects) = preSolution
		{93C35305-82D7-433E-84E6-28476DD20BCE} = {7A4F7E55-DCFC-4ED8-B1B5-62850EE6CCDD}
		{B458C698-D265-477A-998B-A56D72102C23} = {00083F13-91DB-475A-BEA7-329C1D1E7152}
		{8A671255-DE10-4634-8E18-460C8891AC38} = {FF77418C-8A28-4B57-9F4A-D7391CAFCD3A}
		{49F65678-63F4-461A-9518-537260F821D6} = {D1B09E88-16F0-40FC-A566-1454D2B61C93}
		{73D9B77D-6C58-44C0-A017-43CF8C028FCA} = {D1E97DBE-F9B8-42CA-AD2F-7D77561C590F}
		{00C8312A-D694-4C4F-98C2-D2980C0275AA} = {F9EC8A5D-BFCC-4FED-A683-E2D7902BCA1E}
		{D0C01FF9-8462-4848-9DB4-BEB7AA46FD99} = {3544F334-56FB-4CCF-83C3-5FE4E2317EA7}
		{1B1CE4D8-0E68-4B23-95A4-7FD3B411EB74} = {C9446105-6055-440E-9F18-13A3224A3FFD}
		{2CA9CA44-70CE-44D3-82F5-CAFC0581AAAF} = {A36A0DCD-F05E-42B2-A344-DB0F8BBF1BD7}
		{2939D386-F572-485E-B8F8-6B1CC96540C9} = {7146350E-0C2F-4DF4-89A0-F0219F0C7A70}
		{BCF2B1D8-2DB8-4428-9C3B-94CA28EE23DA} = {938A4489-F3A4-447F-9EB7-483CCA82F887}
		{70B3775A-DDF3-4CDC-B831-40EE3C509ACC} = {F34D9FA2-9400-4A71-9CBD-6CD16157BAAD}
	EndGlobalSection
	GlobalSection(ExtensibilityGlobals) = postSolution
		SolutionGuid = {B85B670F-EC18-464B-9386-C86EFE3EBFAE}
	EndGlobalSection
EndGlobal
